# This file is automatically @generated by Cargo.
# It is not intended for manual editing.
version = 4

[[package]]
name = "investigator"
version = "0.0.0"
dependencies = [
 "investigator_analyst",
 "investigator_extractor",
 "investigator_register",
]

[[package]]
name = "investigator_analyst"
version = "0.1.0"

[[package]]
name = "investigator_extractor"
version = "0.1.0"

[[package]]
name = "investigator_register"
version = "0.1.0"
